
Microsoft Visual Studio Solution File, Format Version 12.00
# Visual Studio 15
VisualStudioVersion = 15.0.28307.329
MinimumVisualStudioVersion = 10.0.40219.1
Project("{FAE04EC0-301F-11D3-BF4B-00C04F79EFBC}") = "lab9", "lab9\lab9.csproj", "{D1BA78BE-B8D9-4F24-8BBD-9051CD2EE36A}"
EndProject
Project("{FAE04EC0-301F-11D3-BF4B-00C04F79EFBC}") = "lab8", "..\..\8\lab8\lab8\lab8.csproj", "{1BA484C2-51AD-4D0C-88A2-5C7C31C756BD}"
EndProject
Global
	GlobalSection(SolutionConfigurationPlatforms) = preSolution
		Debug|Any CPU = Debug|Any CPU
		Release|Any CPU = Release|Any CPU
	EndGlobalSection
	GlobalSection(ProjectConfigurationPlatforms) = postSolution
		{D1BA78BE-B8D9-4F24-8BBD-9051CD2EE36A}.Debug|Any CPU.ActiveCfg = Debug|Any CPU
		{D1BA78BE-B8D9-4F24-8BBD-9051CD2EE36A}.Debug|Any CPU.Build.0 = Debug|Any CPU
		{D1BA78BE-B8D9-4F24-8BBD-9051CD2EE36A}.Release|Any CPU.ActiveCfg = Release|Any CPU
		{D1BA78BE-B8D9-4F24-8BBD-9051CD2EE36A}.Release|Any CPU.Build.0 = Release|Any CPU
		{1BA484C2-51AD-4D0C-88A2-5C7C31C756BD}.Debug|Any CPU.ActiveCfg = Debug|Any CPU
		{1BA484C2-51AD-4D0C-88A2-5C7C31C756BD}.Debug|Any CPU.Build.0 = Debug|Any CPU
		{1BA484C2-51AD-4D0C-88A2-5C7C31C756BD}.Release|Any CPU.ActiveCfg = Release|Any CPU
		{1BA484C2-51AD-4D0C-88A2-5C7C31C756BD}.Release|Any CPU.Build.0 = Release|Any CPU
	EndGlobalSection
	GlobalSection(SolutionProperties) = preSolution
		HideSolutionNode = FALSE
	EndGlobalSection
	GlobalSection(ExtensibilityGlobals) = postSolution
		SolutionGuid = {C9DCD362-6883-47A0-AD4A-D3014983DCB1}
	EndGlobalSection
EndGlobal
